# This file was autogenerated by Stack.
# You should not edit this file by hand.
# For more information, please see the documentation at:
#   https://docs.haskellstack.org/en/stable/lock_files

packages:
- completed:
    hackage: hspec-wai-json-0.11.0@sha256:a992e6587468119a8092edc7a8af9153c718418c5d945ff3bf7a07916e4dd4a0,1706
    pantry-tree:
      sha256: b494c2cab92667d33155794b752a84c62737548cf6232a6e7156e5cd7962aa1d
      size: 349
  original:
    hackage: hspec-wai-json-0.11.0
- completed:
    hackage: jord-2.0.0.0@sha256:cac9c6c8135ad1335ac2ce185c4114d2c9bcfab225f158b18082134056dfb14f,3579
    pantry-tree:
      sha256: b5ab9c31e3dba2e2296156359077e928c79b3163947861220dfbd6334f597c49
      size: 3869
  original:
    hackage: jord-2.0.0.0
- completed:
    hackage: haskell-to-elm-0.3.2.0@sha256:441d57a2ffc23dbf25cd6f9991aaaac8ce671b6b4c5077f6fb35e25a84258dc4,4594
    pantry-tree:
      sha256: 0e240021a4e29c585af983cdba5287944d73d10ee48e18c2ac20420f6042c724
      size: 650
  original:
    hackage: haskell-to-elm-0.3.2.0
- completed:
    hackage: elm-syntax-0.3.3.0@sha256:4a03c1778c38b9c924e7e9aca07de294ec675bafa9d9184e91a574c50a3ca40c,2312
    pantry-tree:
      sha256: f200504f5ef03e631aba9417ae01491cfda6a35cf69da0685c815c16736c3d5d
      size: 788
  original:
    hackage: elm-syntax-0.3.3.0
snapshots:
- completed:
    sha256: 6f0bea3ba5b07360f25bc886e8cff8d847767557a492a6f7f6dcb06e3cc79ee9
    size: 712905
    url: https://raw.githubusercontent.com/commercialhaskell/stackage-snapshots/master/lts/22/13.yaml
  original: lts-22.13
